{
  "version": 4,
  "terraform_version": "1.14.3",
  "serial": 4,
  "lineage": "43e688a7-6f2a-4071-88d1-5cafb712bf0b",
  "outputs": {},
  "resources": [
    {
      "mode": "managed",
      "type": "aws_instance",
      "name": "iac-demo",
      "provider": "provider[\"registry.terraform.io/hashicorp/aws\"]",
      "instances": [
        {
          "schema_version": 2,
          "attributes": {
            "ami": "ami-01dc51e87421923b6",
            "arn": "arn:aws:ec2:ap-southeast-1:223655089697:instance/i-0d117a387a3c38c90",
            "associate_public_ip_address": true,
            "availability_zone": "ap-southeast-1b",
            "capacity_reservation_specification": [
              {
                "capacity_reservation_preference": "open",
                "capacity_reservation_target": []
              }
            ],
            "cpu_options": [
              {
                "amd_sev_snp": "",
                "core_count": 1,
                "threads_per_core": 1
              }
            ],
            "credit_specification": [
              {
                "cpu_credits": "standard"
              }
            ],
            "disable_api_stop": false,
            "disable_api_termination": false,
            "ebs_block_device": [],
            "ebs_optimized": false,
            "enable_primary_ipv6": null,
            "enclave_options": [
              {
                "enabled": false
              }
            ],
            "ephemeral_block_device": [],
            "force_destroy": false,
            "get_password_data": false,
            "hibernation": false,
            "host_id": "",
            "host_resource_group_arn": null,
            "iam_instance_profile": "",
            "id": "i-0d117a387a3c38c90",
            "instance_initiated_shutdown_behavior": "stop",
            "instance_lifecycle": "",
            "instance_market_options": [],
            "instance_state": "running",
            "instance_type": "t2.micro",
            "ipv6_address_count": 0,
            "ipv6_addresses": [],
            "key_name": "ec2-key-pair",
            "launch_template": [],
            "maintenance_options": [
              {
                "auto_recovery": "default"
              }
            ],
            "metadata_options": [
              {
                "http_endpoint": "enabled",
                "http_protocol_ipv6": "disabled",
                "http_put_response_hop_limit": 2,
                "http_tokens": "required",
                "instance_metadata_tags": "disabled"
              }
            ],
            "monitoring": false,
            "network_interface": [],
            "outpost_arn": "",
            "password_data": "",
            "placement_group": "",
            "placement_group_id": "",
            "placement_partition_number": 0,
            "primary_network_interface": [
              {
                "delete_on_termination": true,
                "network_interface_id": "eni-02b7376d76a366a03"
              }
            ],
            "primary_network_interface_id": "eni-02b7376d76a366a03",
            "private_dns": "ip-172-31-22-205.ap-southeast-1.compute.internal",
            "private_dns_name_options": [
              {
                "enable_resource_name_dns_a_record": false,
                "enable_resource_name_dns_aaaa_record": false,
                "hostname_type": "ip-name"
              }
            ],
            "private_ip": "172.31.22.205",
            "public_dns": "ec2-54-255-169-163.ap-southeast-1.compute.amazonaws.com",
            "public_ip": "54.255.169.163",
            "region": "ap-southeast-1",
            "root_block_device": [
              {
                "delete_on_termination": true,
                "device_name": "/dev/xvda",
                "encrypted": false,
                "iops": 3000,
                "kms_key_id": "",
                "tags": {},
                "tags_all": {},
                "throughput": 125,
                "volume_id": "vol-0746092d33ffb1961",
                "volume_size": 8,
                "volume_type": "gp3"
              }
            ],
            "secondary_private_ips": [],
            "security_groups": [
              "ec2-sg"
            ],
            "source_dest_check": true,
            "spot_instance_request_id": "",
            "subnet_id": "subnet-0d7ea66473f83c86c",
            "tags": {
              "Name": "demo-instance-iac"
            },
            "tags_all": {
              "Name": "demo-instance-iac"
            },
            "tenancy": "default",
            "timeouts": null,
            "user_data": null,
            "user_data_base64": null,
            "user_data_replace_on_change": false,
            "volume_tags": null,
            "vpc_security_group_ids": [
              "sg-0330cf07566f78086"
            ]
          },
          "sensitive_attributes": [],
          "identity_schema_version": 0,
          "identity": {
            "account_id": "223655089697",
            "id": "i-0d117a387a3c38c90",
            "region": "ap-southeast-1"
          },
          "private": "eyJlMmJmYjczMC1lY2FhLTExZTYtOGY4OC0zNDM2M2JjN2M0YzAiOnsiY3JlYXRlIjo2MDAwMDAwMDAwMDAsImRlbGV0ZSI6MTIwMDAwMDAwMDAwMCwicmVhZCI6OTAwMDAwMDAwMDAwLCJ1cGRhdGUiOjYwMDAwMDAwMDAwMH0sInNjaGVtYV92ZXJzaW9uIjoiMiJ9",
          "dependencies": [
            "aws_key_pair.ec2-aws_key_pair",
            "aws_security_group.ec2-sg"
          ]
        }
      ]
    },
    {
      "mode": "managed",
      "type": "aws_key_pair",
      "name": "ec2-aws_key_pair",
      "provider": "provider[\"registry.terraform.io/hashicorp/aws\"]",
      "instances": [
        {
          "schema_version": 1,
          "attributes": {
            "arn": "arn:aws:ec2:ap-southeast-1:223655089697:key-pair/ec2-key-pair",
            "fingerprint": "18:65:d2:74:e3:9c:c4:b4:51:08:04:43:d7:e9:14:0b",
            "id": "ec2-key-pair",
            "key_name": "ec2-key-pair",
            "key_name_prefix": "",
            "key_pair_id": "key-010cab32194f08948",
            "key_type": "rsa",
            "public_key": "ssh-rsa AAAAB3NzaC1yc2EAAAADAQABAAACAQDYWWGKUMaA1epcb6X64HK/00DliuQqOVATYBJoLvkkrwqZv26QChHc+BvuYu7Ba30atKywGrDn+yWT+IL+BrrG98LAj+giBKtVLdz9IZoIIGUIGrBsB2zf2BdLuZhyLqhVkTZ/EaWK/89yUkvvC9rl1XWMOXMQLsJFDnbRTyyQHTcNQwexjTO1xK6JTPe23Q91aN8prPkofLcenh7bJ4kqFd47sUD5yAeubW+mXbB5W9pr7tvTIAy86tnkjYwEJXsqJQUO4kz1OWwuJWu/65L9bye+Bp8uw37chCngbJoIe785xa83ewvpWc5RE6AayHllY/Vfl9EoGS0U4h3U0OprC9N620ou1eiG0XZh5a+b7OS7aa+83tbWHJIneQXdZIDgtQWn8pi8+CblRLxFjsC6+xGlAdGMaVKvtNgB87mEIr/HO8YB2NR52knYAplFIX26ul/Zql3Tv3r3yLjoVfl+SORLWgSMj9jABUoNqkCkBmh4ThvyQ0MyUX8AVQkCTOWjaGlVNcBW8d6jvZz99ifxVH9YGGfrUGRPjPhZBg6/E5pHA3Jk6qSdJNc7Kokgj1amKv0smJKNJnfsFtkKIRYd2d+2NLcpAhu/eZ+LQvqo7ocG65bbpNZ+9JPZWIS9WBtHKgAoxshW4+yeDjStGofqGSAClklCX09FoitftRZmcQ== nhoa02166@gmail.com",
            "region": "ap-southeast-1",
            "tags": null,
            "tags_all": {}
          },
          "sensitive_attributes": [],
          "identity_schema_version": 0,
          "private": "eyJzY2hlbWFfdmVyc2lvbiI6IjEifQ=="
        }
      ]
    },
    {
      "mode": "managed",
      "type": "aws_security_group",
      "name": "ec2-sg",
      "provider": "provider[\"registry.terraform.io/hashicorp/aws\"]",
      "instances": [
        {
          "schema_version": 1,
          "attributes": {
            "arn": "arn:aws:ec2:ap-southeast-1:223655089697:security-group/sg-0330cf07566f78086",
            "description": "Allow TLS inbound traffic and all outbound traffic",
            "egress": [
              {
                "cidr_blocks": [
                  "0.0.0.0/0"
                ],
                "description": "",
                "from_port": 0,
                "ipv6_cidr_blocks": [],
                "prefix_list_ids": [],
                "protocol": "-1",
                "security_groups": [],
                "self": false,
                "to_port": 0
              }
            ],
            "id": "sg-0330cf07566f78086",
            "ingress": [
              {
                "cidr_blocks": [
                  "0.0.0.0/0"
                ],
                "description": "",
                "from_port": 22,
                "ipv6_cidr_blocks": [],
                "prefix_list_ids": [],
                "protocol": "tcp",
                "security_groups": [],
                "self": false,
                "to_port": 22
              },
              {
                "cidr_blocks": [
                  "0.0.0.0/0"
                ],
                "description": "",
                "from_port": 443,
                "ipv6_cidr_blocks": [],
                "prefix_list_ids": [],
                "protocol": "tcp",
                "security_groups": [],
                "self": false,
                "to_port": 443
              },
              {
                "cidr_blocks": [
                  "0.0.0.0/0"
                ],
                "description": "",
                "from_port": 80,
                "ipv6_cidr_blocks": [],
                "prefix_list_ids": [],
                "protocol": "tcp",
                "security_groups": [],
                "self": false,
                "to_port": 80
              }
            ],
            "name": "ec2-sg",
            "name_prefix": "",
            "owner_id": "223655089697",
            "region": "ap-southeast-1",
            "revoke_rules_on_delete": false,
            "tags": null,
            "tags_all": {},
            "timeouts": null,
            "vpc_id": "vpc-0626d4fbee1de4ce1"
          },
          "sensitive_attributes": [],
          "identity_schema_version": 0,
          "identity": {
            "account_id": "223655089697",
            "id": "sg-0330cf07566f78086",
            "region": "ap-southeast-1"
          },
          "private": "eyJlMmJmYjczMC1lY2FhLTExZTYtOGY4OC0zNDM2M2JjN2M0YzAiOnsiY3JlYXRlIjo2MDAwMDAwMDAwMDAsImRlbGV0ZSI6OTAwMDAwMDAwMDAwfSwic2NoZW1hX3ZlcnNpb24iOiIxIn0="
        }
      ]
    }
  ],
  "check_results": null
}
